
Microsoft Visual Studio Solution File, Format Version 12.00
# Visual Studio 15
VisualStudioVersion = 15.0.28307.779
MinimumVisualStudioVersion = 10.0.40219.1
Project("{FAE04EC0-301F-11D3-BF4B-00C04F79EFBC}") = "WindowsForms.SP", "WindowsForms.SP\WindowsForms.SP.csproj", "{CC378C61-D357-4E32-9128-1CF92CEAA6F6}"
EndProject
Project("{FAE04EC0-301F-11D3-BF4B-00C04F79EFBC}") = "Entidades.SP", "Entidades.SP\Entidades.SP.csproj", "{C49066A5-CFB3-47B2-864D-53BD009263C9}"
EndProject
Global
	GlobalSection(SolutionConfigurationPlatforms) = preSolution
		Debug|Any CPU = Debug|Any CPU
		Debug|Mixed Platforms = Debug|Mixed Platforms
		Debug|x86 = Debug|x86
		Release|Any CPU = Release|Any CPU
		Release|Mixed Platforms = Release|Mixed Platforms
		Release|x86 = Release|x86
	EndGlobalSection
	GlobalSection(ProjectConfigurationPlatforms) = postSolution
		{CC378C61-D357-4E32-9128-1CF92CEAA6F6}.Debug|Any CPU.ActiveCfg = Debug|x86
		{CC378C61-D357-4E32-9128-1CF92CEAA6F6}.Debug|Mixed Platforms.ActiveCfg = Debug|x86
		{CC378C61-D357-4E32-9128-1CF92CEAA6F6}.Debug|Mixed Platforms.Build.0 = Debug|x86
		{CC378C61-D357-4E32-9128-1CF92CEAA6F6}.Debug|x86.ActiveCfg = Debug|x86
		{CC378C61-D357-4E32-9128-1CF92CEAA6F6}.Debug|x86.Build.0 = Debug|x86
		{CC378C61-D357-4E32-9128-1CF92CEAA6F6}.Release|Any CPU.ActiveCfg = Release|x86
		{CC378C61-D357-4E32-9128-1CF92CEAA6F6}.Release|Mixed Platforms.ActiveCfg = Release|x86
		{CC378C61-D357-4E32-9128-1CF92CEAA6F6}.Release|Mixed Platforms.Build.0 = Release|x86
		{CC378C61-D357-4E32-9128-1CF92CEAA6F6}.Release|x86.ActiveCfg = Release|x86
		{CC378C61-D357-4E32-9128-1CF92CEAA6F6}.Release|x86.Build.0 = Release|x86
		{C49066A5-CFB3-47B2-864D-53BD009263C9}.Debug|Any CPU.ActiveCfg = Debug|Any CPU
		{C49066A5-CFB3-47B2-864D-53BD009263C9}.Debug|Any CPU.Build.0 = Debug|Any CPU
		{C49066A5-CFB3-47B2-864D-53BD009263C9}.Debug|Mixed Platforms.ActiveCfg = Debug|Any CPU
		{C49066A5-CFB3-47B2-864D-53BD009263C9}.Debug|Mixed Platforms.Build.0 = Debug|Any CPU
		{C49066A5-CFB3-47B2-864D-53BD009263C9}.Debug|x86.ActiveCfg = Debug|Any CPU
		{C49066A5-CFB3-47B2-864D-53BD009263C9}.Debug|x86.Build.0 = Debug|Any CPU
		{C49066A5-CFB3-47B2-864D-53BD009263C9}.Release|Any CPU.ActiveCfg = Release|Any CPU
		{C49066A5-CFB3-47B2-864D-53BD009263C9}.Release|Any CPU.Build.0 = Release|Any CPU
		{C49066A5-CFB3-47B2-864D-53BD009263C9}.Release|Mixed Platforms.ActiveCfg = Release|Any CPU
		{C49066A5-CFB3-47B2-864D-53BD009263C9}.Release|Mixed Platforms.Build.0 = Release|Any CPU
		{C49066A5-CFB3-47B2-864D-53BD009263C9}.Release|x86.ActiveCfg = Release|Any CPU
		{C49066A5-CFB3-47B2-864D-53BD009263C9}.Release|x86.Build.0 = Release|Any CPU
	EndGlobalSection
	GlobalSection(SolutionProperties) = preSolution
		HideSolutionNode = FALSE
	EndGlobalSection
	GlobalSection(ExtensibilityGlobals) = postSolution
		SolutionGuid = {42EA61FB-DF88-46E3-9D7C-436899B9FDBF}
	EndGlobalSection
EndGlobal
